{
    "_readme": [
        "This file locks the dependencies of your project to a known state",
        "Read more about it at https://getcomposer.org/doc/01-basic-usage.md#installing-dependencies",
        "This file is @generated automatically"
    ],
    "content-hash": "c8a618a4a12ebe07ac55522854683467",
    "packages": [
        {
            "name": "facebook/graph-sdk",
            "version": "5.6.3",
            "source": {
                "type": "git",
                "url": "https://github.com/facebook/php-graph-sdk.git",
                "reference": "90e92bd1816fe718e55184ab85910dfcf488432c"
            },
            "dist": {
                "type": "zip",
                "url": "https://api.github.com/repos/facebook/php-graph-sdk/zipball/90e92bd1816fe718e55184ab85910dfcf488432c",
                "reference": "90e92bd1816fe718e55184ab85910dfcf488432c",
                "shasum": ""
            },
            "require": {
                "php": "^5.4|^7.0"
            },
            "require-dev": {
                "guzzlehttp/guzzle": "~5.0",
                "mockery/mockery": "~0.8",
                "phpunit/phpunit": "~4.0"
            },
            "suggest": {
                "guzzlehttp/guzzle": "Allows for implementation of the Guzzle HTTP client",
                "paragonie/random_compat": "Provides a better CSPRNG option in PHP 5"
            },
            "type": "library",
            "extra": {
                "branch-alias": {
                    "dev-master": "5.x-dev"
                }
            },
            "autoload": {
                "psr-4": {
                    "Facebook\\": "src/Facebook/"
                },
                "files": [
                    "src/Facebook/polyfills.php"
                ]
            },
            "notification-url": "https://packagist.org/downloads/",
            "license": [
                "Facebook Platform"
            ],
            "authors": [
                {
                    "name": "Facebook",
                    "homepage": "https://github.com/facebook/php-graph-sdk/contributors"
                }
            ],
            "description": "Facebook SDK for PHP",
            "homepage": "https://github.com/facebook/php-graph-sdk",
            "keywords": [
                "facebook",
                "sdk"
            ],
            "time": "2018-07-03T02:25:00+00:00"
        },
        {
            "name": "pimax/fb-messenger-php",
            "version": "dev-master",
            "source": {
                "type": "git",
                "url": "https://github.com/pimax/fb-messenger-php.git",
                "reference": "a92e9d09d62790f23caccfdd76f013deb0189a63"
            },
            "dist": {
                "type": "zip",
                "url": "https://api.github.com/repos/pimax/fb-messenger-php/zipball/a92e9d09d62790f23caccfdd76f013deb0189a63",
                "reference": "a92e9d09d62790f23caccfdd76f013deb0189a63",
                "shasum": ""
            },
            "require": {
                "php": ">=5.4.0"
            },
            "type": "library",
            "autoload": {
                "psr-4": {
                    "pimax\\": ""
                }
            },
            "notification-url": "https://packagist.org/downloads/",
            "license": [
                "MIT"
            ],
            "authors": [
                {
                    "name": "Max Pinyugin",
                    "email": "m.pinyugin@gmail.com",
                    "homepage": "http://russian-developers.com",
                    "role": "Developer"
                }
            ],
            "description": " Facebook Messenger Bot PHP API",
            "homepage": "https://github.com/pimax/fb-messenger-php",
            "time": "2018-06-26T19:28:41+00:00"
        }
    ],
    "packages-dev": [],
    "aliases": [],
    "minimum-stability": "stable",
    "stability-flags": {
        "pimax/fb-messenger-php": 20
    },
    "prefer-stable": false,
    "prefer-lowest": false,
    "platform": [],
    "platform-dev": []
}
